
Microsoft Visual Studio Solution File, Format Version 12.00
Project("{FAE04EC0-301F-11D3-BF4B-00C04F79EFBC}") = "Domain", "Domain\Domain.csproj", "{8907F8E5-1AB4-42D3-9E3A-556A6B55B1BB}"
EndProject
Project("{FAE04EC0-301F-11D3-BF4B-00C04F79EFBC}") = "Domain.Tests", "Domain.Tests\Domain.Tests.csproj", "{F7BD15EE-3342-432E-973B-EAC268D23A26}"
EndProject
Global
	GlobalSection(SolutionConfigurationPlatforms) = preSolution
		Debug|Any CPU = Debug|Any CPU
		Release|Any CPU = Release|Any CPU
	EndGlobalSection
	GlobalSection(ProjectConfigurationPlatforms) = postSolution
		{8907F8E5-1AB4-42D3-9E3A-556A6B55B1BB}.Debug|Any CPU.ActiveCfg = Debug|Any CPU
		{8907F8E5-1AB4-42D3-9E3A-556A6B55B1BB}.Debug|Any CPU.Build.0 = Debug|Any CPU
		{8907F8E5-1AB4-42D3-9E3A-556A6B55B1BB}.Release|Any CPU.ActiveCfg = Release|Any CPU
		{8907F8E5-1AB4-42D3-9E3A-556A6B55B1BB}.Release|Any CPU.Build.0 = Release|Any CPU
		{F7BD15EE-3342-432E-973B-EAC268D23A26}.Debug|Any CPU.ActiveCfg = Debug|Any CPU
		{F7BD15EE-3342-432E-973B-EAC268D23A26}.Debug|Any CPU.Build.0 = Debug|Any CPU
		{F7BD15EE-3342-432E-973B-EAC268D23A26}.Release|Any CPU.ActiveCfg = Release|Any CPU
		{F7BD15EE-3342-432E-973B-EAC268D23A26}.Release|Any CPU.Build.0 = Release|Any CPU
	EndGlobalSection
EndGlobal
